
Microsoft Visual Studio Solution File, Format Version 12.00
# Visual Studio 15
VisualStudioVersion = 15.0.27428.2027
MinimumVisualStudioVersion = 10.0.40219.1
Project("{FAE04EC0-301F-11D3-BF4B-00C04F79EFBC}") = "PruebaVue", "PruebaVue\PruebaVue.csproj", "{24337471-8BB1-4E7A-81E0-12889703C7DB}"
EndProject
Global
	GlobalSection(SolutionConfigurationPlatforms) = preSolution
		Debug|Any CPU = Debug|Any CPU
		Release|Any CPU = Release|Any CPU
	EndGlobalSection
	GlobalSection(ProjectConfigurationPlatforms) = postSolution
		{24337471-8BB1-4E7A-81E0-12889703C7DB}.Debug|Any CPU.ActiveCfg = Debug|Any CPU
		{24337471-8BB1-4E7A-81E0-12889703C7DB}.Debug|Any CPU.Build.0 = Debug|Any CPU
		{24337471-8BB1-4E7A-81E0-12889703C7DB}.Release|Any CPU.ActiveCfg = Release|Any CPU
		{24337471-8BB1-4E7A-81E0-12889703C7DB}.Release|Any CPU.Build.0 = Release|Any CPU
	EndGlobalSection
	GlobalSection(SolutionProperties) = preSolution
		HideSolutionNode = FALSE
	EndGlobalSection
	GlobalSection(ExtensibilityGlobals) = postSolution
		SolutionGuid = {FD0C4317-C2DC-4381-9AE5-5D0D9D55CCD9}
	EndGlobalSection
EndGlobal
